dependencies:
  get-dev-paths: 0.1.1
  realpath-native: 1.1.0
  tsconfig-paths: 3.8.0
devDependencies:
  '@types/node': 12.0.8
  prettier: 1.18.2
  typescript: 3.5.2
lockfileVersion: 5
packages:
  /@types/json5/0.0.29:
    dev: false
    resolution:
      integrity: sha1-7ihweulOEdK4J7y+UnC86n8+ce4=
  /@types/node/12.0.8:
    dev: true
    resolution:
      integrity: sha512-b8bbUOTwzIY3V5vDTY1fIJ+ePKDUBqt2hC2woVGotdQQhG/2Sh62HOKHrT7ab+VerXAcPyAiTEipPu/FsreUtg==
  /deepmerge/2.2.1:
    dev: false
    engines:
      node: '>=0.10.0'
    resolution:
      integrity: sha512-R9hc1Xa/NOBi9WRVUWg19rl1UB7Tt4kuPd+thNJgFZoxXsTz7ncaPaeIm+40oSGuP33DfMb4sZt1QIGiJzC4EA==
  /define-properties/1.1.3:
    dependencies:
      object-keys: 1.1.1
    dev: false
    engines:
      node: '>= 0.4'
    resolution:
      integrity: sha512-3MqfYKj2lLzdMSf8ZIZE/V+Zuy+BgD6f164e8K2w7dgnpKArBDerGYpM46IYYcjnkdPNMjPk9A6VFB8+3SKlXQ==
  /es-abstract/1.13.0:
    dependencies:
      es-to-primitive: 1.2.0
      function-bind: 1.1.1
      has: 1.0.3
      is-callable: 1.1.4
      is-regex: 1.0.4
      object-keys: 1.1.1
    dev: false
    engines:
      node: '>= 0.4'
    resolution:
      integrity: sha512-vDZfg/ykNxQVwup/8E1BZhVzFfBxs9NqMzGcvIJrqg5k2/5Za2bWo40dK2J1pgLngZ7c+Shh8lwYtLGyrwPutg==
  /es-to-primitive/1.2.0:
    dependencies:
      is-callable: 1.1.4
      is-date-object: 1.0.1
      is-symbol: 1.0.2
    dev: false
    engines:
      node: '>= 0.4'
    resolution:
      integrity: sha512-qZryBOJjV//LaxLTV6UC//WewneB3LcXOL9NP++ozKVXsIIIpm/2c13UDiD9Jp2eThsecw9m3jPqDwTyobcdbg==
  /function-bind/1.1.1:
    dev: false
    resolution:
      integrity: sha512-yIovAzMX49sF8Yl58fSCWJ5svSLuaibPxXQJFLmBObTuCr0Mf1KiPopGM9NiFjiYBCbfaa2Fh6breQ6ANVTI0A==
  /get-dev-paths/0.1.1:
    dependencies:
      realpath-native: 1.1.0
      type-error: 1.0.3
    dev: false
    resolution:
      integrity: sha512-DiDMz2fD7Il3t+KrMoEj4OjHH7BOwbUFkPFBRCEyiwCOFfhymK0HEqYBz4aaG1jYz8RF4JBy9R6YObN46qyI1Q==
  /has-symbols/1.0.0:
    dev: false
    engines:
      node: '>= 0.4'
    resolution:
      integrity: sha1-uhqPGvKg/DllD1yFA2dwQSIGO0Q=
  /has/1.0.3:
    dependencies:
      function-bind: 1.1.1
    dev: false
    engines:
      node: '>= 0.4.0'
    resolution:
      integrity: sha512-f2dvO0VU6Oej7RkWJGrehjbzMAjFp5/VKPp5tTpWIV4JHHZK1/BxbFRtf/siA2SWTe09caDmVtYYzWEIbBS4zw==
  /is-callable/1.1.4:
    dev: false
    engines:
      node: '>= 0.4'
    resolution:
      integrity: sha512-r5p9sxJjYnArLjObpjA4xu5EKI3CuKHkJXMhT7kwbpUyIFD1n5PMAsoPvWnvtZiNz7LjkYDRZhd7FlI0eMijEA==
  /is-date-object/1.0.1:
    dev: false
    engines:
      node: '>= 0.4'
    resolution:
      integrity: sha1-mqIOtq7rv/d/vTPnTKAbM1gdOhY=
  /is-regex/1.0.4:
    dependencies:
      has: 1.0.3
    dev: false
    engines:
      node: '>= 0.4'
    resolution:
      integrity: sha1-VRdIm1RwkbCTDglWVM7SXul+lJE=
  /is-symbol/1.0.2:
    dependencies:
      has-symbols: 1.0.0
    dev: false
    engines:
      node: '>= 0.4'
    resolution:
      integrity: sha512-HS8bZ9ox60yCJLH9snBpIwv9pYUAkcuLhSA1oero1UB5y9aiQpRA8y2ex945AOtCZL1lJDeIk3G5LthswI46Lw==
  /json5/1.0.1:
    dependencies:
      minimist: 1.2.0
    dev: false
    hasBin: true
    resolution:
      integrity: sha512-aKS4WQjPenRxiQsC93MNfjx+nbF4PAdYzmd/1JIj8HYzqfbu86beTuNgXDzPknWk0n0uARlyewZo4s++ES36Ow==
  /minimist/1.2.0:
    dev: false
    resolution:
      integrity: sha1-o1AIsg9BOD7sH7kU9M1d95omQoQ=
  /object-keys/1.1.1:
    dev: false
    engines:
      node: '>= 0.4'
    resolution:
      integrity: sha512-NuAESUOUMrlIXOfHKzD6bpPu3tYt3xvjNdRIQ+FeT0lNb4K8WR70CaDxhuNguS2XG+GjkyMwOzsN5ZktImfhLA==
  /object.getownpropertydescriptors/2.0.3:
    dependencies:
      define-properties: 1.1.3
      es-abstract: 1.13.0
    dev: false
    engines:
      node: '>= 0.8'
    resolution:
      integrity: sha1-h1jIRvW0B62rDyNuCYbxSwUcqhY=
  /prettier/1.18.2:
    dev: true
    engines:
      node: '>=4'
    hasBin: true
    resolution:
      integrity: sha512-OeHeMc0JhFE9idD4ZdtNibzY0+TPHSpSSb9h8FqtP+YnoZZ1sl8Vc9b1sasjfymH3SonAF4QcA2+mzHPhMvIiw==
  /realpath-native/1.1.0:
    dependencies:
      util.promisify: 1.0.0
    dev: false
    engines:
      node: '>=4'
    resolution:
      integrity: sha512-wlgPA6cCIIg9gKz0fgAPjnzh4yR/LnXovwuo9hvyGvx3h8nX4+/iLZplfUWasXpqD8BdnGnP5njOFjkUwPzvjA==
  /strip-bom/3.0.0:
    dev: false
    engines:
      node: '>=4'
    resolution:
      integrity: sha1-IzTBjpx1n3vdVv3vfprj1YjmjtM=
  /tsconfig-paths/3.8.0:
    dependencies:
      '@types/json5': 0.0.29
      deepmerge: 2.2.1
      json5: 1.0.1
      minimist: 1.2.0
      strip-bom: 3.0.0
    dev: false
    resolution:
      integrity: sha512-zZEYFo4sjORK8W58ENkRn9s+HmQFkkwydDG7My5s/fnfr2YYCaiyXe/HBUcIgU8epEKOXwiahOO+KZYjiXlWyQ==
  /type-error/1.0.3:
    dev: false
    resolution:
      integrity: sha512-hlNA4NwwjtL9clb8nv+x/5C45uzxND+N+h+/y3z2dYdubGSmdtNtJjHVH4E68ZHR98Bkav4ACf1lmTZepc/4sg==
  /typescript/3.5.2:
    dev: true
    engines:
      node: '>=4.2.0'
    hasBin: true
    resolution:
      integrity: sha512-7KxJovlYhTX5RaRbUdkAXN1KUZ8PwWlTzQdHV6xNqvuFOs7+WBo10TQUqT19Q/Jz2hk5v9TQDIhyLhhJY4p5AA==
  /util.promisify/1.0.0:
    dependencies:
      define-properties: 1.1.3
      object.getownpropertydescriptors: 2.0.3
    dev: false
    resolution:
      integrity: sha512-i+6qA2MPhvoKLuxnJNpXAGhg7HphQOSUq2LKMZD0m15EiskXUkMvKdF4Uui0WYeCUGea+o2cw/ZuwehtfsrNkA==
specifiers:
  '@types/node': ^12.0.8
  get-dev-paths: ^0.1.1
  prettier: ^1.18.2
  realpath-native: ^1.1.0
  tsconfig-paths: ^3.8.0
  typescript: ^3.5.2
